# This file is automatically @generated by Cargo.
# It is not intended for manual editing.
version = 4

[[package]]
name = "equivalent"
version = "1.0.2"
source = "registry+https://github.com/rust-lang/crates.io-index"
checksum = "877a4ace8713b0bcf2a4e7eec82529c029f1d0619886d18145fea96c3ffe5c0f"

[[package]]
name = "hashbrown"
version = "0.15.5"
source = "registry+https://github.com/rust-lang/crates.io-index"
checksum = "9229cfe53dfd69f0609a49f65461bd93001ea1ef889cd5529dd176593f5338a1"

[[package]]
name = "indexmap"
version = "2.11.0"
source = "registry+https://github.com/rust-lang/crates.io-index"
checksum = "f2481980430f9f78649238835720ddccc57e52df14ffce1c6f37391d61b563e9"
dependencies = [
 "equivalent",
 "hashbrown",
]

[[package]]
name = "multimap"
version = "0.10.1"
source = "registry+https://github.com/rust-lang/crates.io-index"
checksum = "1d87ecb2933e8aeadb3e3a02b828fed80a7528047e68b4f424523a0981a3a084"
dependencies = [
 "serde",
]

[[package]]
name = "nohash-hasher"
version = "0.2.0"
source = "registry+https://github.com/rust-lang/crates.io-index"
checksum = "2bf50223579dc7cdcfb3bfcacf7069ff68243f8c363f62ffa99cf000a6b9c451"

[[package]]
name = "proc-macro2"
version = "1.0.101"
source = "registry+https://github.com/rust-lang/crates.io-index"
checksum = "89ae43fd86e4158d6db51ad8e2b80f313af9cc74f5c0e03ccb87de09998732de"
dependencies = [
 "unicode-ident",
]

[[package]]
name = "quote"
version = "1.0.40"
source = "registry+https://github.com/rust-lang/crates.io-index"
checksum = "1885c039570dc00dcb4ff087a89e185fd56bae234ddc7f056a945bf36467248d"
dependencies = [
 "proc-macro2",
]

[[package]]
name = "serde"
version = "1.0.223"
source = "registry+https://github.com/rust-lang/crates.io-index"
checksum = "a505d71960adde88e293da5cb5eda57093379f64e61cf77bf0e6a63af07a7bac"
dependencies = [
 "serde_core",
]

[[package]]
name = "serde_core"
version = "1.0.223"
source = "registry+https://github.com/rust-lang/crates.io-index"
checksum = "20f57cbd357666aa7b3ac84a90b4ea328f1d4ddb6772b430caa5d9e1309bb9e9"
dependencies = [
 "serde_derive",
]

[[package]]
name = "serde_derive"
version = "1.0.223"
source = "registry+https://github.com/rust-lang/crates.io-index"
checksum = "3d428d07faf17e306e699ec1e91996e5a165ba5d6bce5b5155173e91a8a01a56"
dependencies = [
 "proc-macro2",
 "quote",
 "syn",
]

[[package]]
name = "syn"
version = "2.0.106"
source = "registry+https://github.com/rust-lang/crates.io-index"
checksum = "ede7c438028d4436d71104916910f5bb611972c5cfd7f89b8300a8186e6fada6"
dependencies = [
 "proc-macro2",
 "quote",
 "unicode-ident",
]

[[package]]
name = "tchess"
version = "0.1.0"
dependencies = [
 "indexmap",
 "multimap",
 "nohash-hasher",
]

[[package]]
name = "unicode-ident"
version = "1.0.19"
source = "registry+https://github.com/rust-lang/crates.io-index"
checksum = "f63a545481291138910575129486daeaf8ac54aee4387fe7906919f7830c7d9d"
